
Microsoft Visual Studio Solution File, Format Version 12.00
# Visual Studio Version 16
VisualStudioVersion = 16.0.29215.179
MinimumVisualStudioVersion = 10.0.40219.1
Project("{9A19103F-16F7-4668-BE54-9A1E7A4F7556}") = "DataStructure", "DataStructure\DataStructure.csproj", "{62F0647B-D7B8-4BD8-BE1E-FBF882D1CC9F}"
EndProject
Project("{FAE04EC0-301F-11D3-BF4B-00C04F79EFBC}") = "Launcher.Console", "Launcher.Console\Launcher.Console.csproj", "{9A394181-5F1A-4799-AC3C-39DD9AC30D93}"
EndProject
Project("{9A19103F-16F7-4668-BE54-9A1E7A4F7556}") = "DesignPatterns", "DesignPatterns\DesignPatterns.csproj", "{72796A0B-BFF0-4562-A867-0EFD67CA776D}"
EndProject
Project("{FAE04EC0-301F-11D3-BF4B-00C04F79EFBC}") = "CrackingCodingInterviewQuestions", "CrackingCodingInterviewQuestions\CrackingCodingInterviewQuestions.csproj", "{69DFB817-9449-432A-BA94-A43E107C459A}"
EndProject
Global
	GlobalSection(SolutionConfigurationPlatforms) = preSolution
		Debug|Any CPU = Debug|Any CPU
		Release|Any CPU = Release|Any CPU
	EndGlobalSection
	GlobalSection(ProjectConfigurationPlatforms) = postSolution
		{62F0647B-D7B8-4BD8-BE1E-FBF882D1CC9F}.Debug|Any CPU.ActiveCfg = Debug|Any CPU
		{62F0647B-D7B8-4BD8-BE1E-FBF882D1CC9F}.Debug|Any CPU.Build.0 = Debug|Any CPU
		{62F0647B-D7B8-4BD8-BE1E-FBF882D1CC9F}.Release|Any CPU.ActiveCfg = Release|Any CPU
		{62F0647B-D7B8-4BD8-BE1E-FBF882D1CC9F}.Release|Any CPU.Build.0 = Release|Any CPU
		{9A394181-5F1A-4799-AC3C-39DD9AC30D93}.Debug|Any CPU.ActiveCfg = Debug|Any CPU
		{9A394181-5F1A-4799-AC3C-39DD9AC30D93}.Debug|Any CPU.Build.0 = Debug|Any CPU
		{9A394181-5F1A-4799-AC3C-39DD9AC30D93}.Release|Any CPU.ActiveCfg = Release|Any CPU
		{9A394181-5F1A-4799-AC3C-39DD9AC30D93}.Release|Any CPU.Build.0 = Release|Any CPU
		{72796A0B-BFF0-4562-A867-0EFD67CA776D}.Debug|Any CPU.ActiveCfg = Debug|Any CPU
		{72796A0B-BFF0-4562-A867-0EFD67CA776D}.Debug|Any CPU.Build.0 = Debug|Any CPU
		{72796A0B-BFF0-4562-A867-0EFD67CA776D}.Release|Any CPU.ActiveCfg = Release|Any CPU
		{72796A0B-BFF0-4562-A867-0EFD67CA776D}.Release|Any CPU.Build.0 = Release|Any CPU
		{69DFB817-9449-432A-BA94-A43E107C459A}.Debug|Any CPU.ActiveCfg = Debug|Any CPU
		{69DFB817-9449-432A-BA94-A43E107C459A}.Debug|Any CPU.Build.0 = Debug|Any CPU
		{69DFB817-9449-432A-BA94-A43E107C459A}.Release|Any CPU.ActiveCfg = Release|Any CPU
		{69DFB817-9449-432A-BA94-A43E107C459A}.Release|Any CPU.Build.0 = Release|Any CPU
	EndGlobalSection
	GlobalSection(SolutionProperties) = preSolution
		HideSolutionNode = FALSE
	EndGlobalSection
	GlobalSection(ExtensibilityGlobals) = postSolution
		SolutionGuid = {912296AE-CBAE-450C-A1F3-ACF907BD2C26}
	EndGlobalSection
EndGlobal
