
Microsoft Visual Studio Solution File, Format Version 12.00
# Visual Studio Version 16
VisualStudioVersion = 16.0.29215.179
MinimumVisualStudioVersion = 10.0.40219.1
Project("{9A19103F-16F7-4668-BE54-9A1E7A4F7556}") = "DataStructure", "DataStructure\DataStructure.csproj", "{62F0647B-D7B8-4BD8-BE1E-FBF882D1CC9F}"
EndProject
Project("{FAE04EC0-301F-11D3-BF4B-00C04F79EFBC}") = "Launcher.Console", "Launcher.Console\Launcher.Console.csproj", "{9A394181-5F1A-4799-AC3C-39DD9AC30D93}"
EndProject
Project("{9A19103F-16F7-4668-BE54-9A1E7A4F7556}") = "DesignPatterns", "DesignPatterns\DesignPatterns.csproj", "{72796A0B-BFF0-4562-A867-0EFD67CA776D}"
EndProject
Project("{9A19103F-16F7-4668-BE54-9A1E7A4F7556}") = "CrackingCodingInterviewQuestions", "CrackingCodingInterviewQuestions\CrackingCodingInterviewQuestions.csproj", "{69DFB817-9449-432A-BA94-A43E107C459A}"
EndProject
Project("{FAE04EC0-301F-11D3-BF4B-00C04F79EFBC}") = "CORSDemo.Api", "AuthDemoApi\CORSDemo.Api.csproj", "{458B5649-F779-423E-B883-8569C86085E2}"
EndProject
Project("{FAE04EC0-301F-11D3-BF4B-00C04F79EFBC}") = "MVCDemoApp", "MVCDemoApp\MVCDemoApp.csproj", "{0F8A7888-9FB2-467F-92E2-69D33C2A5F5B}"
EndProject
Project("{FAE04EC0-301F-11D3-BF4B-00C04F79EFBC}") = "CredentialBasedTokenAuthDemo.Api", "CredentialBasedTokenAuthDemo.Api\CredentialBasedTokenAuthDemo.Api.csproj", "{9459E7CD-C3A1-4086-9AF4-514E2736A025}"
EndProject
Project("{FAE04EC0-301F-11D3-BF4B-00C04F79EFBC}") = "CredentialBasedTokenAuthDemo.Client", "CredentialBasedTokenAuthDemo.Client\CredentialBasedTokenAuthDemo.Client.csproj", "{5527402F-0716-4438-91E5-0A4E7C9E2626}"
EndProject
Project("{FAE04EC0-301F-11D3-BF4B-00C04F79EFBC}") = "GenerateAccessToken", "GenerateAccessToken.Client\GenerateAccessToken.csproj", "{EA75E817-6E59-4B6F-8343-1E4EC32B931B}"
EndProject
Project("{2150E333-8FDC-42A3-9474-1A3956D46DE8}") = "WebApps", "WebApps", "{18CC19D2-EDAB-4402-A799-C8E665EC4118}"
EndProject
Project("{2150E333-8FDC-42A3-9474-1A3956D46DE8}") = "NETFrameowrk", "NETFrameowrk", "{E2BB3E8F-3FD1-4E52-B1C0-A8AEFE854AEC}"
EndProject
Project("{2150E333-8FDC-42A3-9474-1A3956D46DE8}") = "Security", "Security", "{5909B3E6-DC16-4214-86B8-8FF70A5FB832}"
EndProject
Project("{2150E333-8FDC-42A3-9474-1A3956D46DE8}") = "TokenBased", "TokenBased", "{0A988D94-CCCB-4124-A223-14086E80C13E}"
EndProject
Project("{FAE04EC0-301F-11D3-BF4B-00C04F79EFBC}") = "Employee.App.Web", "WebApps\Security\TokenBased\NETFramework\Employee.App.Web\Employee.App.Web.csproj", "{97BE7AB8-1DC5-4A73-B4C9-448934C1335B}"
EndProject
Project("{FAE04EC0-301F-11D3-BF4B-00C04F79EFBC}") = "Employee.App.Common", "WebApps\Security\TokenBased\NETFramework\Employee.App.Common\Employee.App.Common.csproj", "{46EDB36C-C3F1-49A2-B00E-2CCF586E729A}"
EndProject
Project("{FAE04EC0-301F-11D3-BF4B-00C04F79EFBC}") = "Employee.App.Api", "WebApps\Security\TokenBased\NETFramework\Employee.App.Api\Employee.App.Api.csproj", "{D164C653-5861-46C9-9C4B-269252B38D35}"
EndProject
Project("{2150E333-8FDC-42A3-9474-1A3956D46DE8}") = "CRUDOperations", "CRUDOperations", "{66B15485-6C8F-471E-93D2-2DFC3A172B10}"
EndProject
Project("{2150E333-8FDC-42A3-9474-1A3956D46DE8}") = "NETFramework", "NETFramework", "{216983D7-BE73-4A38-9DC2-36D85E873DBA}"
EndProject
Project("{2150E333-8FDC-42A3-9474-1A3956D46DE8}") = "SQLDB", "SQLDB", "{C0C2F4B2-13CD-43BE-9687-8975E8968148}"
EndProject
Project("{FAE04EC0-301F-11D3-BF4B-00C04F79EFBC}") = "Asp.Net.Mvc.Operations.Crud.EF", "WebApps\CRUDOperations\NETFramework\SQLDB\Asp.Net.Mvc.Operations.Crud\Asp.Net.Mvc.Operations.Crud.EF.csproj", "{6BFD045B-A1FD-4714-A00C-6013B94321EF}"
EndProject
Project("{FAE04EC0-301F-11D3-BF4B-00C04F79EFBC}") = "Asp.Net.Mvc.Operations.Crud.Ado", "WebApps\CRUDOperations\NETFramework\SQLDB\Asp.Net.Mvc.Operations.Crud.Ado\Asp.Net.Mvc.Operations.Crud.Ado.csproj", "{BEB4220E-7076-49AE-B3F5-8685BA8F9F3B}"
EndProject
Project("{2150E333-8FDC-42A3-9474-1A3956D46DE8}") = "CosmosDB", "CosmosDB", "{A2692F61-249B-4D22-A3AA-321085CF2402}"
EndProject
Project("{FAE04EC0-301F-11D3-BF4B-00C04F79EFBC}") = "Asp.Net.Mvc.Operations.Crud.Sdk", "WebApps\CRUDOperations\NETFramework\CosmosDB\Asp.Net.Mvc.Operations.Crud.Sdk\Asp.Net.Mvc.Operations.Crud.Sdk.csproj", "{D8872045-7D7D-4EF8-B936-91F623388AFC}"
EndProject
Project("{2150E333-8FDC-42A3-9474-1A3956D46DE8}") = "Dynamics.365.Crm", "Dynamics.365.Crm", "{C38AED03-355D-42BD-887C-E2BA249C0F0A}"
EndProject
Project("{FAE04EC0-301F-11D3-BF4B-00C04F79EFBC}") = "Apttus.XAuthor.DynamicsCRMIntegration.SandBox", "Dynamics.365.Crm\Apttus.XAuthor.DynamicsCRMIntegration.SandBox\Apttus.XAuthor.DynamicsCRMIntegration.SandBox.csproj", "{B6E13F8F-61F9-45AD-8492-DD2D6F61EBA0}"
EndProject
Project("{FAE04EC0-301F-11D3-BF4B-00C04F79EFBC}") = "Dynamics.Crm.Oprations.Crud", "Dynamics.365.Crm\Dynamics.Crm.Oprations.Crud\Dynamics.Crm.Oprations.Crud.csproj", "{B8989479-B7C1-4CAA-8809-1AE99EDF0EFC}"
EndProject
Project("{2150E333-8FDC-42A3-9474-1A3956D46DE8}") = "ThreadDemo", "ThreadDemo", "{8D986D5D-031D-4F8D-9073-2CB67F41276B}"
	ProjectSection(SolutionItems) = preProject
		Readme.txt = Readme.txt
	EndProjectSection
EndProject
Project("{FAE04EC0-301F-11D3-BF4B-00C04F79EFBC}") = "ContextSwitching", "ThreadDemos\ContextSwitching\ContextSwitching.csproj", "{5C284C8C-3433-41F2-9F2F-50A926C0BDB2}"
EndProject
Project("{FAE04EC0-301F-11D3-BF4B-00C04F79EFBC}") = "ThreadNaming", "ThreadDemos\ThreadNaming\ThreadNaming.csproj", "{E53F3C20-1BD5-45F2-9097-2F91D90C3B02}"
EndProject
Project("{FAE04EC0-301F-11D3-BF4B-00C04F79EFBC}") = "SharedResources", "ThreadDemos\SharedResources\SharedResources.csproj", "{167BE49A-D1D0-413E-ABDE-4F41F40875FD}"
EndProject
Project("{FAE04EC0-301F-11D3-BF4B-00C04F79EFBC}") = "LocalMemory", "ThreadDemos\LocalMemory\LocalMemory.csproj", "{A59532AE-EA0B-4EE9-BF71-487BF417D3D5}"
EndProject
Project("{FAE04EC0-301F-11D3-BF4B-00C04F79EFBC}") = "ThreadPool", "ThreadDemos\ThreadPool\ThreadPool.csproj", "{8E67BC75-0B0D-4333-8FDB-B17C5767320A}"
EndProject
Project("{FAE04EC0-301F-11D3-BF4B-00C04F79EFBC}") = "OtherThreadingConcept", "ThreadDemos\OtherThreadingConcept\OtherThreadingConcept.csproj", "{0E09FF22-A759-4838-87E8-29147797A74F}"
EndProject
Project("{FAE04EC0-301F-11D3-BF4B-00C04F79EFBC}") = "Exceptions", "ThreadDemos\Exceptions\Exceptions.csproj", "{DA5D7568-F811-41BC-855B-5518593FDD1C}"
EndProject
Project("{2150E333-8FDC-42A3-9474-1A3956D46DE8}") = "TasksDemos", "TasksDemos", "{529233D4-5969-4C17-B54D-E079595C1FBB}"
	ProjectSection(SolutionItems) = preProject
		TasksDemos\Readme.txt = TasksDemos\Readme.txt
	EndProjectSection
EndProject
Project("{FAE04EC0-301F-11D3-BF4B-00C04F79EFBC}") = "TaskIntro", "TasksDemos\TaskIntro\TaskIntro.csproj", "{4252BE5A-A4CD-465E-8BC6-262BC0D69B17}"
EndProject
Project("{FAE04EC0-301F-11D3-BF4B-00C04F79EFBC}") = "TasksWithIOBoundOperations", "TasksDemos\TasksWithIOBoundOperations\TasksWithIOBoundOperations.csproj", "{D7101D23-AC8C-4875-B18A-FEC48FCE4F44}"
EndProject
Project("{FAE04EC0-301F-11D3-BF4B-00C04F79EFBC}") = "TasksWithContinuationOrChaining", "TasksDemos\TasksWithContinuation\TasksWithContinuationOrChaining.csproj", "{79D07F76-B9E0-40AD-8786-7EE09D740D95}"
EndProject
Project("{FAE04EC0-301F-11D3-BF4B-00C04F79EFBC}") = "LocksAndMonitor", "TasksDemos\LocksAndMonitor\LocksAndMonitor.csproj", "{32B035E5-03B6-45DB-8D7A-42442A5A1D0E}"
EndProject
Project("{FAE04EC0-301F-11D3-BF4B-00C04F79EFBC}") = "NestedLock", "TasksDemos\NestedLock\NestedLock.csproj", "{34350B64-112C-4002-BE19-AA9C3F50F2BB}"
EndProject
Project("{FAE04EC0-301F-11D3-BF4B-00C04F79EFBC}") = "DeadLock", "TasksDemos\DeadLock\DeadLock.csproj", "{43604FBB-1996-4C44-A852-D7954FC9172D}"
EndProject
Project("{FAE04EC0-301F-11D3-BF4B-00C04F79EFBC}") = "ReaderWriterLock", "TasksDemos\ReaderWriterLock\ReaderWriterLock.csproj", "{723D580C-D318-40FB-9418-569C2AB3FAB3}"
EndProject
Project("{FAE04EC0-301F-11D3-BF4B-00C04F79EFBC}") = "MutexLock", "TasksDemos\MutexLock\MutexLock.csproj", "{AB5A1B8C-5585-4107-A4FA-6B3FC3EB174D}"
EndProject
Project("{FAE04EC0-301F-11D3-BF4B-00C04F79EFBC}") = "Semaphores", "TasksDemos\Semaphores\Semaphores.csproj", "{62957364-F838-4F1F-8B27-34E6861E8A83}"
EndProject
Global
	GlobalSection(SolutionConfigurationPlatforms) = preSolution
		Debug|Any CPU = Debug|Any CPU
		Release|Any CPU = Release|Any CPU
	EndGlobalSection
	GlobalSection(ProjectConfigurationPlatforms) = postSolution
		{62F0647B-D7B8-4BD8-BE1E-FBF882D1CC9F}.Debug|Any CPU.ActiveCfg = Debug|Any CPU
		{62F0647B-D7B8-4BD8-BE1E-FBF882D1CC9F}.Debug|Any CPU.Build.0 = Debug|Any CPU
		{62F0647B-D7B8-4BD8-BE1E-FBF882D1CC9F}.Release|Any CPU.ActiveCfg = Release|Any CPU
		{62F0647B-D7B8-4BD8-BE1E-FBF882D1CC9F}.Release|Any CPU.Build.0 = Release|Any CPU
		{9A394181-5F1A-4799-AC3C-39DD9AC30D93}.Debug|Any CPU.ActiveCfg = Debug|Any CPU
		{9A394181-5F1A-4799-AC3C-39DD9AC30D93}.Debug|Any CPU.Build.0 = Debug|Any CPU
		{9A394181-5F1A-4799-AC3C-39DD9AC30D93}.Release|Any CPU.ActiveCfg = Release|Any CPU
		{9A394181-5F1A-4799-AC3C-39DD9AC30D93}.Release|Any CPU.Build.0 = Release|Any CPU
		{72796A0B-BFF0-4562-A867-0EFD67CA776D}.Debug|Any CPU.ActiveCfg = Debug|Any CPU
		{72796A0B-BFF0-4562-A867-0EFD67CA776D}.Debug|Any CPU.Build.0 = Debug|Any CPU
		{72796A0B-BFF0-4562-A867-0EFD67CA776D}.Release|Any CPU.ActiveCfg = Release|Any CPU
		{72796A0B-BFF0-4562-A867-0EFD67CA776D}.Release|Any CPU.Build.0 = Release|Any CPU
		{69DFB817-9449-432A-BA94-A43E107C459A}.Debug|Any CPU.ActiveCfg = Debug|Any CPU
		{69DFB817-9449-432A-BA94-A43E107C459A}.Debug|Any CPU.Build.0 = Debug|Any CPU
		{69DFB817-9449-432A-BA94-A43E107C459A}.Release|Any CPU.ActiveCfg = Release|Any CPU
		{69DFB817-9449-432A-BA94-A43E107C459A}.Release|Any CPU.Build.0 = Release|Any CPU
		{458B5649-F779-423E-B883-8569C86085E2}.Debug|Any CPU.ActiveCfg = Debug|Any CPU
		{458B5649-F779-423E-B883-8569C86085E2}.Debug|Any CPU.Build.0 = Debug|Any CPU
		{458B5649-F779-423E-B883-8569C86085E2}.Release|Any CPU.ActiveCfg = Release|Any CPU
		{458B5649-F779-423E-B883-8569C86085E2}.Release|Any CPU.Build.0 = Release|Any CPU
		{0F8A7888-9FB2-467F-92E2-69D33C2A5F5B}.Debug|Any CPU.ActiveCfg = Debug|Any CPU
		{0F8A7888-9FB2-467F-92E2-69D33C2A5F5B}.Debug|Any CPU.Build.0 = Debug|Any CPU
		{0F8A7888-9FB2-467F-92E2-69D33C2A5F5B}.Release|Any CPU.ActiveCfg = Release|Any CPU
		{0F8A7888-9FB2-467F-92E2-69D33C2A5F5B}.Release|Any CPU.Build.0 = Release|Any CPU
		{9459E7CD-C3A1-4086-9AF4-514E2736A025}.Debug|Any CPU.ActiveCfg = Debug|Any CPU
		{9459E7CD-C3A1-4086-9AF4-514E2736A025}.Debug|Any CPU.Build.0 = Debug|Any CPU
		{9459E7CD-C3A1-4086-9AF4-514E2736A025}.Release|Any CPU.ActiveCfg = Release|Any CPU
		{9459E7CD-C3A1-4086-9AF4-514E2736A025}.Release|Any CPU.Build.0 = Release|Any CPU
		{5527402F-0716-4438-91E5-0A4E7C9E2626}.Debug|Any CPU.ActiveCfg = Debug|Any CPU
		{5527402F-0716-4438-91E5-0A4E7C9E2626}.Debug|Any CPU.Build.0 = Debug|Any CPU
		{5527402F-0716-4438-91E5-0A4E7C9E2626}.Release|Any CPU.ActiveCfg = Release|Any CPU
		{5527402F-0716-4438-91E5-0A4E7C9E2626}.Release|Any CPU.Build.0 = Release|Any CPU
		{EA75E817-6E59-4B6F-8343-1E4EC32B931B}.Debug|Any CPU.ActiveCfg = Debug|Any CPU
		{EA75E817-6E59-4B6F-8343-1E4EC32B931B}.Debug|Any CPU.Build.0 = Debug|Any CPU
		{EA75E817-6E59-4B6F-8343-1E4EC32B931B}.Release|Any CPU.ActiveCfg = Release|Any CPU
		{EA75E817-6E59-4B6F-8343-1E4EC32B931B}.Release|Any CPU.Build.0 = Release|Any CPU
		{97BE7AB8-1DC5-4A73-B4C9-448934C1335B}.Debug|Any CPU.ActiveCfg = Debug|Any CPU
		{97BE7AB8-1DC5-4A73-B4C9-448934C1335B}.Debug|Any CPU.Build.0 = Debug|Any CPU
		{97BE7AB8-1DC5-4A73-B4C9-448934C1335B}.Release|Any CPU.ActiveCfg = Release|Any CPU
		{97BE7AB8-1DC5-4A73-B4C9-448934C1335B}.Release|Any CPU.Build.0 = Release|Any CPU
		{46EDB36C-C3F1-49A2-B00E-2CCF586E729A}.Debug|Any CPU.ActiveCfg = Debug|Any CPU
		{46EDB36C-C3F1-49A2-B00E-2CCF586E729A}.Debug|Any CPU.Build.0 = Debug|Any CPU
		{46EDB36C-C3F1-49A2-B00E-2CCF586E729A}.Release|Any CPU.ActiveCfg = Release|Any CPU
		{46EDB36C-C3F1-49A2-B00E-2CCF586E729A}.Release|Any CPU.Build.0 = Release|Any CPU
		{D164C653-5861-46C9-9C4B-269252B38D35}.Debug|Any CPU.ActiveCfg = Debug|Any CPU
		{D164C653-5861-46C9-9C4B-269252B38D35}.Debug|Any CPU.Build.0 = Debug|Any CPU
		{D164C653-5861-46C9-9C4B-269252B38D35}.Release|Any CPU.ActiveCfg = Release|Any CPU
		{D164C653-5861-46C9-9C4B-269252B38D35}.Release|Any CPU.Build.0 = Release|Any CPU
		{6BFD045B-A1FD-4714-A00C-6013B94321EF}.Debug|Any CPU.ActiveCfg = Debug|Any CPU
		{6BFD045B-A1FD-4714-A00C-6013B94321EF}.Debug|Any CPU.Build.0 = Debug|Any CPU
		{6BFD045B-A1FD-4714-A00C-6013B94321EF}.Release|Any CPU.ActiveCfg = Release|Any CPU
		{6BFD045B-A1FD-4714-A00C-6013B94321EF}.Release|Any CPU.Build.0 = Release|Any CPU
		{BEB4220E-7076-49AE-B3F5-8685BA8F9F3B}.Debug|Any CPU.ActiveCfg = Debug|Any CPU
		{BEB4220E-7076-49AE-B3F5-8685BA8F9F3B}.Debug|Any CPU.Build.0 = Debug|Any CPU
		{BEB4220E-7076-49AE-B3F5-8685BA8F9F3B}.Release|Any CPU.ActiveCfg = Release|Any CPU
		{BEB4220E-7076-49AE-B3F5-8685BA8F9F3B}.Release|Any CPU.Build.0 = Release|Any CPU
		{D8872045-7D7D-4EF8-B936-91F623388AFC}.Debug|Any CPU.ActiveCfg = Debug|Any CPU
		{D8872045-7D7D-4EF8-B936-91F623388AFC}.Debug|Any CPU.Build.0 = Debug|Any CPU
		{D8872045-7D7D-4EF8-B936-91F623388AFC}.Release|Any CPU.ActiveCfg = Release|Any CPU
		{D8872045-7D7D-4EF8-B936-91F623388AFC}.Release|Any CPU.Build.0 = Release|Any CPU
		{B6E13F8F-61F9-45AD-8492-DD2D6F61EBA0}.Debug|Any CPU.ActiveCfg = Debug|Any CPU
		{B6E13F8F-61F9-45AD-8492-DD2D6F61EBA0}.Debug|Any CPU.Build.0 = Debug|Any CPU
		{B6E13F8F-61F9-45AD-8492-DD2D6F61EBA0}.Release|Any CPU.ActiveCfg = Release|Any CPU
		{B6E13F8F-61F9-45AD-8492-DD2D6F61EBA0}.Release|Any CPU.Build.0 = Release|Any CPU
		{B8989479-B7C1-4CAA-8809-1AE99EDF0EFC}.Debug|Any CPU.ActiveCfg = Debug|Any CPU
		{B8989479-B7C1-4CAA-8809-1AE99EDF0EFC}.Debug|Any CPU.Build.0 = Debug|Any CPU
		{B8989479-B7C1-4CAA-8809-1AE99EDF0EFC}.Release|Any CPU.ActiveCfg = Release|Any CPU
		{B8989479-B7C1-4CAA-8809-1AE99EDF0EFC}.Release|Any CPU.Build.0 = Release|Any CPU
		{5C284C8C-3433-41F2-9F2F-50A926C0BDB2}.Debug|Any CPU.ActiveCfg = Debug|Any CPU
		{5C284C8C-3433-41F2-9F2F-50A926C0BDB2}.Debug|Any CPU.Build.0 = Debug|Any CPU
		{5C284C8C-3433-41F2-9F2F-50A926C0BDB2}.Release|Any CPU.ActiveCfg = Release|Any CPU
		{5C284C8C-3433-41F2-9F2F-50A926C0BDB2}.Release|Any CPU.Build.0 = Release|Any CPU
		{E53F3C20-1BD5-45F2-9097-2F91D90C3B02}.Debug|Any CPU.ActiveCfg = Debug|Any CPU
		{E53F3C20-1BD5-45F2-9097-2F91D90C3B02}.Debug|Any CPU.Build.0 = Debug|Any CPU
		{E53F3C20-1BD5-45F2-9097-2F91D90C3B02}.Release|Any CPU.ActiveCfg = Release|Any CPU
		{E53F3C20-1BD5-45F2-9097-2F91D90C3B02}.Release|Any CPU.Build.0 = Release|Any CPU
		{167BE49A-D1D0-413E-ABDE-4F41F40875FD}.Debug|Any CPU.ActiveCfg = Debug|Any CPU
		{167BE49A-D1D0-413E-ABDE-4F41F40875FD}.Debug|Any CPU.Build.0 = Debug|Any CPU
		{167BE49A-D1D0-413E-ABDE-4F41F40875FD}.Release|Any CPU.ActiveCfg = Release|Any CPU
		{167BE49A-D1D0-413E-ABDE-4F41F40875FD}.Release|Any CPU.Build.0 = Release|Any CPU
		{A59532AE-EA0B-4EE9-BF71-487BF417D3D5}.Debug|Any CPU.ActiveCfg = Debug|Any CPU
		{A59532AE-EA0B-4EE9-BF71-487BF417D3D5}.Debug|Any CPU.Build.0 = Debug|Any CPU
		{A59532AE-EA0B-4EE9-BF71-487BF417D3D5}.Release|Any CPU.ActiveCfg = Release|Any CPU
		{A59532AE-EA0B-4EE9-BF71-487BF417D3D5}.Release|Any CPU.Build.0 = Release|Any CPU
		{8E67BC75-0B0D-4333-8FDB-B17C5767320A}.Debug|Any CPU.ActiveCfg = Debug|Any CPU
		{8E67BC75-0B0D-4333-8FDB-B17C5767320A}.Debug|Any CPU.Build.0 = Debug|Any CPU
		{8E67BC75-0B0D-4333-8FDB-B17C5767320A}.Release|Any CPU.ActiveCfg = Release|Any CPU
		{8E67BC75-0B0D-4333-8FDB-B17C5767320A}.Release|Any CPU.Build.0 = Release|Any CPU
		{0E09FF22-A759-4838-87E8-29147797A74F}.Debug|Any CPU.ActiveCfg = Debug|Any CPU
		{0E09FF22-A759-4838-87E8-29147797A74F}.Debug|Any CPU.Build.0 = Debug|Any CPU
		{0E09FF22-A759-4838-87E8-29147797A74F}.Release|Any CPU.ActiveCfg = Release|Any CPU
		{0E09FF22-A759-4838-87E8-29147797A74F}.Release|Any CPU.Build.0 = Release|Any CPU
		{DA5D7568-F811-41BC-855B-5518593FDD1C}.Debug|Any CPU.ActiveCfg = Debug|Any CPU
		{DA5D7568-F811-41BC-855B-5518593FDD1C}.Debug|Any CPU.Build.0 = Debug|Any CPU
		{DA5D7568-F811-41BC-855B-5518593FDD1C}.Release|Any CPU.ActiveCfg = Release|Any CPU
		{DA5D7568-F811-41BC-855B-5518593FDD1C}.Release|Any CPU.Build.0 = Release|Any CPU
		{4252BE5A-A4CD-465E-8BC6-262BC0D69B17}.Debug|Any CPU.ActiveCfg = Debug|Any CPU
		{4252BE5A-A4CD-465E-8BC6-262BC0D69B17}.Debug|Any CPU.Build.0 = Debug|Any CPU
		{4252BE5A-A4CD-465E-8BC6-262BC0D69B17}.Release|Any CPU.ActiveCfg = Release|Any CPU
		{4252BE5A-A4CD-465E-8BC6-262BC0D69B17}.Release|Any CPU.Build.0 = Release|Any CPU
		{D7101D23-AC8C-4875-B18A-FEC48FCE4F44}.Debug|Any CPU.ActiveCfg = Debug|Any CPU
		{D7101D23-AC8C-4875-B18A-FEC48FCE4F44}.Debug|Any CPU.Build.0 = Debug|Any CPU
		{D7101D23-AC8C-4875-B18A-FEC48FCE4F44}.Release|Any CPU.ActiveCfg = Release|Any CPU
		{D7101D23-AC8C-4875-B18A-FEC48FCE4F44}.Release|Any CPU.Build.0 = Release|Any CPU
		{79D07F76-B9E0-40AD-8786-7EE09D740D95}.Debug|Any CPU.ActiveCfg = Debug|Any CPU
		{79D07F76-B9E0-40AD-8786-7EE09D740D95}.Debug|Any CPU.Build.0 = Debug|Any CPU
		{79D07F76-B9E0-40AD-8786-7EE09D740D95}.Release|Any CPU.ActiveCfg = Release|Any CPU
		{79D07F76-B9E0-40AD-8786-7EE09D740D95}.Release|Any CPU.Build.0 = Release|Any CPU
		{32B035E5-03B6-45DB-8D7A-42442A5A1D0E}.Debug|Any CPU.ActiveCfg = Debug|Any CPU
		{32B035E5-03B6-45DB-8D7A-42442A5A1D0E}.Debug|Any CPU.Build.0 = Debug|Any CPU
		{32B035E5-03B6-45DB-8D7A-42442A5A1D0E}.Release|Any CPU.ActiveCfg = Release|Any CPU
		{32B035E5-03B6-45DB-8D7A-42442A5A1D0E}.Release|Any CPU.Build.0 = Release|Any CPU
		{34350B64-112C-4002-BE19-AA9C3F50F2BB}.Debug|Any CPU.ActiveCfg = Debug|Any CPU
		{34350B64-112C-4002-BE19-AA9C3F50F2BB}.Debug|Any CPU.Build.0 = Debug|Any CPU
		{34350B64-112C-4002-BE19-AA9C3F50F2BB}.Release|Any CPU.ActiveCfg = Release|Any CPU
		{34350B64-112C-4002-BE19-AA9C3F50F2BB}.Release|Any CPU.Build.0 = Release|Any CPU
		{43604FBB-1996-4C44-A852-D7954FC9172D}.Debug|Any CPU.ActiveCfg = Debug|Any CPU
		{43604FBB-1996-4C44-A852-D7954FC9172D}.Debug|Any CPU.Build.0 = Debug|Any CPU
		{43604FBB-1996-4C44-A852-D7954FC9172D}.Release|Any CPU.ActiveCfg = Release|Any CPU
		{43604FBB-1996-4C44-A852-D7954FC9172D}.Release|Any CPU.Build.0 = Release|Any CPU
		{723D580C-D318-40FB-9418-569C2AB3FAB3}.Debug|Any CPU.ActiveCfg = Debug|Any CPU
		{723D580C-D318-40FB-9418-569C2AB3FAB3}.Debug|Any CPU.Build.0 = Debug|Any CPU
		{723D580C-D318-40FB-9418-569C2AB3FAB3}.Release|Any CPU.ActiveCfg = Release|Any CPU
		{723D580C-D318-40FB-9418-569C2AB3FAB3}.Release|Any CPU.Build.0 = Release|Any CPU
		{AB5A1B8C-5585-4107-A4FA-6B3FC3EB174D}.Debug|Any CPU.ActiveCfg = Debug|Any CPU
		{AB5A1B8C-5585-4107-A4FA-6B3FC3EB174D}.Debug|Any CPU.Build.0 = Debug|Any CPU
		{AB5A1B8C-5585-4107-A4FA-6B3FC3EB174D}.Release|Any CPU.ActiveCfg = Release|Any CPU
		{AB5A1B8C-5585-4107-A4FA-6B3FC3EB174D}.Release|Any CPU.Build.0 = Release|Any CPU
		{62957364-F838-4F1F-8B27-34E6861E8A83}.Debug|Any CPU.ActiveCfg = Debug|Any CPU
		{62957364-F838-4F1F-8B27-34E6861E8A83}.Debug|Any CPU.Build.0 = Debug|Any CPU
		{62957364-F838-4F1F-8B27-34E6861E8A83}.Release|Any CPU.ActiveCfg = Release|Any CPU
		{62957364-F838-4F1F-8B27-34E6861E8A83}.Release|Any CPU.Build.0 = Release|Any CPU
	EndGlobalSection
	GlobalSection(SolutionProperties) = preSolution
		HideSolutionNode = FALSE
	EndGlobalSection
	GlobalSection(NestedProjects) = preSolution
		{E2BB3E8F-3FD1-4E52-B1C0-A8AEFE854AEC} = {0A988D94-CCCB-4124-A223-14086E80C13E}
		{5909B3E6-DC16-4214-86B8-8FF70A5FB832} = {18CC19D2-EDAB-4402-A799-C8E665EC4118}
		{0A988D94-CCCB-4124-A223-14086E80C13E} = {5909B3E6-DC16-4214-86B8-8FF70A5FB832}
		{97BE7AB8-1DC5-4A73-B4C9-448934C1335B} = {E2BB3E8F-3FD1-4E52-B1C0-A8AEFE854AEC}
		{46EDB36C-C3F1-49A2-B00E-2CCF586E729A} = {E2BB3E8F-3FD1-4E52-B1C0-A8AEFE854AEC}
		{D164C653-5861-46C9-9C4B-269252B38D35} = {E2BB3E8F-3FD1-4E52-B1C0-A8AEFE854AEC}
		{66B15485-6C8F-471E-93D2-2DFC3A172B10} = {18CC19D2-EDAB-4402-A799-C8E665EC4118}
		{216983D7-BE73-4A38-9DC2-36D85E873DBA} = {66B15485-6C8F-471E-93D2-2DFC3A172B10}
		{C0C2F4B2-13CD-43BE-9687-8975E8968148} = {216983D7-BE73-4A38-9DC2-36D85E873DBA}
		{6BFD045B-A1FD-4714-A00C-6013B94321EF} = {C0C2F4B2-13CD-43BE-9687-8975E8968148}
		{BEB4220E-7076-49AE-B3F5-8685BA8F9F3B} = {C0C2F4B2-13CD-43BE-9687-8975E8968148}
		{A2692F61-249B-4D22-A3AA-321085CF2402} = {216983D7-BE73-4A38-9DC2-36D85E873DBA}
		{D8872045-7D7D-4EF8-B936-91F623388AFC} = {A2692F61-249B-4D22-A3AA-321085CF2402}
		{B6E13F8F-61F9-45AD-8492-DD2D6F61EBA0} = {C38AED03-355D-42BD-887C-E2BA249C0F0A}
		{B8989479-B7C1-4CAA-8809-1AE99EDF0EFC} = {C38AED03-355D-42BD-887C-E2BA249C0F0A}
		{5C284C8C-3433-41F2-9F2F-50A926C0BDB2} = {8D986D5D-031D-4F8D-9073-2CB67F41276B}
		{E53F3C20-1BD5-45F2-9097-2F91D90C3B02} = {8D986D5D-031D-4F8D-9073-2CB67F41276B}
		{167BE49A-D1D0-413E-ABDE-4F41F40875FD} = {8D986D5D-031D-4F8D-9073-2CB67F41276B}
		{A59532AE-EA0B-4EE9-BF71-487BF417D3D5} = {8D986D5D-031D-4F8D-9073-2CB67F41276B}
		{8E67BC75-0B0D-4333-8FDB-B17C5767320A} = {8D986D5D-031D-4F8D-9073-2CB67F41276B}
		{0E09FF22-A759-4838-87E8-29147797A74F} = {8D986D5D-031D-4F8D-9073-2CB67F41276B}
		{DA5D7568-F811-41BC-855B-5518593FDD1C} = {8D986D5D-031D-4F8D-9073-2CB67F41276B}
		{4252BE5A-A4CD-465E-8BC6-262BC0D69B17} = {529233D4-5969-4C17-B54D-E079595C1FBB}
		{D7101D23-AC8C-4875-B18A-FEC48FCE4F44} = {529233D4-5969-4C17-B54D-E079595C1FBB}
		{79D07F76-B9E0-40AD-8786-7EE09D740D95} = {529233D4-5969-4C17-B54D-E079595C1FBB}
		{32B035E5-03B6-45DB-8D7A-42442A5A1D0E} = {529233D4-5969-4C17-B54D-E079595C1FBB}
		{34350B64-112C-4002-BE19-AA9C3F50F2BB} = {529233D4-5969-4C17-B54D-E079595C1FBB}
		{43604FBB-1996-4C44-A852-D7954FC9172D} = {529233D4-5969-4C17-B54D-E079595C1FBB}
		{723D580C-D318-40FB-9418-569C2AB3FAB3} = {529233D4-5969-4C17-B54D-E079595C1FBB}
		{AB5A1B8C-5585-4107-A4FA-6B3FC3EB174D} = {529233D4-5969-4C17-B54D-E079595C1FBB}
		{62957364-F838-4F1F-8B27-34E6861E8A83} = {529233D4-5969-4C17-B54D-E079595C1FBB}
	EndGlobalSection
	GlobalSection(ExtensibilityGlobals) = postSolution
		SolutionGuid = {912296AE-CBAE-450C-A1F3-ACF907BD2C26}
	EndGlobalSection
EndGlobal
